
Microsoft Visual Studio Solution File, Format Version 12.00
# Visual Studio Version 16
VisualStudioVersion = 16.0.31424.327
MinimumVisualStudioVersion = 10.0.40219.1
Project("{FAE04EC0-301F-11D3-BF4B-00C04F79EFBC}") = "Aula1", "Aula1.csproj", "{F126B0B9-BB66-4EE5-B3F9-C8BB8A94DA17}"
EndProject
Global
	GlobalSection(SolutionConfigurationPlatforms) = preSolution
		Debug|Any CPU = Debug|Any CPU
		Release|Any CPU = Release|Any CPU
	EndGlobalSection
	GlobalSection(ProjectConfigurationPlatforms) = postSolution
		{F126B0B9-BB66-4EE5-B3F9-C8BB8A94DA17}.Debug|Any CPU.ActiveCfg = Debug|Any CPU
		{F126B0B9-BB66-4EE5-B3F9-C8BB8A94DA17}.Debug|Any CPU.Build.0 = Debug|Any CPU
		{F126B0B9-BB66-4EE5-B3F9-C8BB8A94DA17}.Release|Any CPU.ActiveCfg = Release|Any CPU
		{F126B0B9-BB66-4EE5-B3F9-C8BB8A94DA17}.Release|Any CPU.Build.0 = Release|Any CPU
	EndGlobalSection
	GlobalSection(SolutionProperties) = preSolution
		HideSolutionNode = FALSE
	EndGlobalSection
	GlobalSection(ExtensibilityGlobals) = postSolution
		SolutionGuid = {6DBCCB35-CE39-46C4-81D9-F2DC0EB80A8C}
	EndGlobalSection
EndGlobal
