
Microsoft Visual Studio Solution File, Format Version 12.00
# Visual Studio Version 16
VisualStudioVersion = 16.0.31424.327
MinimumVisualStudioVersion = 10.0.40219.1
Project("{FAE04EC0-301F-11D3-BF4B-00C04F79EFBC}") = "Desafio", "Desafio.csproj", "{DF25D2E3-A8CB-41B0-AF0F-E932631FCBBF}"
EndProject
Global
	GlobalSection(SolutionConfigurationPlatforms) = preSolution
		Debug|Any CPU = Debug|Any CPU
		Release|Any CPU = Release|Any CPU
	EndGlobalSection
	GlobalSection(ProjectConfigurationPlatforms) = postSolution
		{DF25D2E3-A8CB-41B0-AF0F-E932631FCBBF}.Debug|Any CPU.ActiveCfg = Debug|Any CPU
		{DF25D2E3-A8CB-41B0-AF0F-E932631FCBBF}.Debug|Any CPU.Build.0 = Debug|Any CPU
		{DF25D2E3-A8CB-41B0-AF0F-E932631FCBBF}.Release|Any CPU.ActiveCfg = Release|Any CPU
		{DF25D2E3-A8CB-41B0-AF0F-E932631FCBBF}.Release|Any CPU.Build.0 = Release|Any CPU
	EndGlobalSection
	GlobalSection(SolutionProperties) = preSolution
		HideSolutionNode = FALSE
	EndGlobalSection
	GlobalSection(ExtensibilityGlobals) = postSolution
		SolutionGuid = {8678BB06-1EE1-4BCA-876E-4B2102589EE9}
	EndGlobalSection
EndGlobal
