
Microsoft Visual Studio Solution File, Format Version 12.00
# Visual Studio Version 16
VisualStudioVersion = 16.0.31424.327
MinimumVisualStudioVersion = 10.0.40219.1
Project("{FAE04EC0-301F-11D3-BF4B-00C04F79EFBC}") = "CodeladAvançado", "CodeladAvançado.csproj", "{8AFCE9C9-C919-4D25-88C4-A51B0F1EEFCC}"
EndProject
Global
	GlobalSection(SolutionConfigurationPlatforms) = preSolution
		Debug|Any CPU = Debug|Any CPU
		Release|Any CPU = Release|Any CPU
	EndGlobalSection
	GlobalSection(ProjectConfigurationPlatforms) = postSolution
		{8AFCE9C9-C919-4D25-88C4-A51B0F1EEFCC}.Debug|Any CPU.ActiveCfg = Debug|Any CPU
		{8AFCE9C9-C919-4D25-88C4-A51B0F1EEFCC}.Debug|Any CPU.Build.0 = Debug|Any CPU
		{8AFCE9C9-C919-4D25-88C4-A51B0F1EEFCC}.Release|Any CPU.ActiveCfg = Release|Any CPU
		{8AFCE9C9-C919-4D25-88C4-A51B0F1EEFCC}.Release|Any CPU.Build.0 = Release|Any CPU
	EndGlobalSection
	GlobalSection(SolutionProperties) = preSolution
		HideSolutionNode = FALSE
	EndGlobalSection
	GlobalSection(ExtensibilityGlobals) = postSolution
		SolutionGuid = {D52B10AC-DED4-46E3-AE26-2185F0D3FA1A}
	EndGlobalSection
EndGlobal
