
Microsoft Visual Studio Solution File, Format Version 12.00
# Visual Studio Version 16
VisualStudioVersion = 16.0.31424.327
MinimumVisualStudioVersion = 10.0.40219.1
Project("{FAE04EC0-301F-11D3-BF4B-00C04F79EFBC}") = "BlueFashionRetailer", "BlueFashionRetailer.csproj", "{07BD0CF3-E0E8-4952-81EA-45550C6F9E29}"
EndProject
Global
	GlobalSection(SolutionConfigurationPlatforms) = preSolution
		Debug|Any CPU = Debug|Any CPU
		Release|Any CPU = Release|Any CPU
	EndGlobalSection
	GlobalSection(ProjectConfigurationPlatforms) = postSolution
		{07BD0CF3-E0E8-4952-81EA-45550C6F9E29}.Debug|Any CPU.ActiveCfg = Debug|Any CPU
		{07BD0CF3-E0E8-4952-81EA-45550C6F9E29}.Debug|Any CPU.Build.0 = Debug|Any CPU
		{07BD0CF3-E0E8-4952-81EA-45550C6F9E29}.Release|Any CPU.ActiveCfg = Release|Any CPU
		{07BD0CF3-E0E8-4952-81EA-45550C6F9E29}.Release|Any CPU.Build.0 = Release|Any CPU
	EndGlobalSection
	GlobalSection(SolutionProperties) = preSolution
		HideSolutionNode = FALSE
	EndGlobalSection
	GlobalSection(ExtensibilityGlobals) = postSolution
		SolutionGuid = {1509C039-E1C0-4345-9723-60B632112EDC}
	EndGlobalSection
EndGlobal
